
Microsoft Visual Studio Solution File, Format Version 12.00
# Visual Studio Express 2013 for Windows Desktop
VisualStudioVersion = 12.0.30501.0
MinimumVisualStudioVersion = 10.0.40219.1
Project("{8BC9CEB8-8B4A-11D0-8D11-00A0C91BC942}") = "sobel", "sobel\sobel.vcxproj", "{5CD69070-EA29-441F-95A2-20319DBD10D9}"
EndProject
Project("{8BC9CEB8-8B4A-11D0-8D11-00A0C91BC942}") = "matrix_mul", "matrix_mul\matrix_mul.vcxproj", "{F3365318-0E2B-4E05-A5AD-9C6C4B4A134D}"
EndProject
Global
	GlobalSection(SolutionConfigurationPlatforms) = preSolution
		Debug|Win32 = Debug|Win32
		Release|Win32 = Release|Win32
	EndGlobalSection
	GlobalSection(ProjectConfigurationPlatforms) = postSolution
		{5CD69070-EA29-441F-95A2-20319DBD10D9}.Debug|Win32.ActiveCfg = Debug|Win32
		{5CD69070-EA29-441F-95A2-20319DBD10D9}.Debug|Win32.Build.0 = Debug|Win32
		{5CD69070-EA29-441F-95A2-20319DBD10D9}.Release|Win32.ActiveCfg = Release|Win32
		{5CD69070-EA29-441F-95A2-20319DBD10D9}.Release|Win32.Build.0 = Release|Win32
		{F3365318-0E2B-4E05-A5AD-9C6C4B4A134D}.Debug|Win32.ActiveCfg = Debug|Win32
		{F3365318-0E2B-4E05-A5AD-9C6C4B4A134D}.Debug|Win32.Build.0 = Debug|Win32
		{F3365318-0E2B-4E05-A5AD-9C6C4B4A134D}.Release|Win32.ActiveCfg = Release|Win32
		{F3365318-0E2B-4E05-A5AD-9C6C4B4A134D}.Release|Win32.Build.0 = Release|Win32
	EndGlobalSection
	GlobalSection(SolutionProperties) = preSolution
		HideSolutionNode = FALSE
	EndGlobalSection
EndGlobal
